
Microsoft Visual Studio Solution File, Format Version 10.00
# Visual Studio 2008
Project("{FAE04EC0-301F-11D3-BF4B-00C04F79EFBC}") = "DreamWorld", "DreamWorld\DreamWorld.csproj", "{CE358FDD-4299-44D4-8C55-43DBD4DABD87}"
EndProject
Project("{FAE04EC0-301F-11D3-BF4B-00C04F79EFBC}") = "DreamWorldContentPipeline", "DreamWorldContentPipeline\DreamWorldContentPipeline.csproj", "{139D1A30-7557-483B-BD22-5E88840BC136}"
EndProject
Project("{FAE04EC0-301F-11D3-BF4B-00C04F79EFBC}") = "DreamWorldBase", "DreamWorldBase\DreamWorldBase.csproj", "{C1D4A9F4-71C3-465B-838B-5678DF94BA13}"
EndProject
Project("{FAE04EC0-301F-11D3-BF4B-00C04F79EFBC}") = "JigLibX", "JigLibX\JigLibX.csproj", "{8A7CEF45-3501-491D-AEDA-0164060F5348}"
EndProject
Global
	GlobalSection(SolutionConfigurationPlatforms) = preSolution
		Debug|x86 = Debug|x86
		Debug|Xbox 360 = Debug|Xbox 360
		Debug|Zune = Debug|Zune
		Release|x86 = Release|x86
		Release|Xbox 360 = Release|Xbox 360
		Release|Zune = Release|Zune
	EndGlobalSection
	GlobalSection(ProjectConfigurationPlatforms) = postSolution
		{CE358FDD-4299-44D4-8C55-43DBD4DABD87}.Debug|x86.ActiveCfg = Debug|x86
		{CE358FDD-4299-44D4-8C55-43DBD4DABD87}.Debug|x86.Build.0 = Debug|x86
		{CE358FDD-4299-44D4-8C55-43DBD4DABD87}.Debug|Xbox 360.ActiveCfg = Debug|x86
		{CE358FDD-4299-44D4-8C55-43DBD4DABD87}.Debug|Zune.ActiveCfg = Debug|x86
		{CE358FDD-4299-44D4-8C55-43DBD4DABD87}.Release|x86.ActiveCfg = Release|x86
		{CE358FDD-4299-44D4-8C55-43DBD4DABD87}.Release|x86.Build.0 = Release|x86
		{CE358FDD-4299-44D4-8C55-43DBD4DABD87}.Release|Xbox 360.ActiveCfg = Release|x86
		{CE358FDD-4299-44D4-8C55-43DBD4DABD87}.Release|Zune.ActiveCfg = Release|x86
		{139D1A30-7557-483B-BD22-5E88840BC136}.Debug|x86.ActiveCfg = Debug|x86
		{139D1A30-7557-483B-BD22-5E88840BC136}.Debug|x86.Build.0 = Debug|x86
		{139D1A30-7557-483B-BD22-5E88840BC136}.Debug|Xbox 360.ActiveCfg = Debug|Xbox 360
		{139D1A30-7557-483B-BD22-5E88840BC136}.Debug|Xbox 360.Build.0 = Debug|Xbox 360
		{139D1A30-7557-483B-BD22-5E88840BC136}.Debug|Zune.ActiveCfg = Debug|Zune
		{139D1A30-7557-483B-BD22-5E88840BC136}.Debug|Zune.Build.0 = Debug|Zune
		{139D1A30-7557-483B-BD22-5E88840BC136}.Release|x86.ActiveCfg = Release|x86
		{139D1A30-7557-483B-BD22-5E88840BC136}.Release|x86.Build.0 = Release|x86
		{139D1A30-7557-483B-BD22-5E88840BC136}.Release|Xbox 360.ActiveCfg = Release|Xbox 360
		{139D1A30-7557-483B-BD22-5E88840BC136}.Release|Xbox 360.Build.0 = Release|Xbox 360
		{139D1A30-7557-483B-BD22-5E88840BC136}.Release|Zune.ActiveCfg = Release|Zune
		{139D1A30-7557-483B-BD22-5E88840BC136}.Release|Zune.Build.0 = Release|Zune
		{C1D4A9F4-71C3-465B-838B-5678DF94BA13}.Debug|x86.ActiveCfg = Debug|x86
		{C1D4A9F4-71C3-465B-838B-5678DF94BA13}.Debug|x86.Build.0 = Debug|x86
		{C1D4A9F4-71C3-465B-838B-5678DF94BA13}.Debug|Xbox 360.ActiveCfg = Debug|x86
		{C1D4A9F4-71C3-465B-838B-5678DF94BA13}.Debug|Zune.ActiveCfg = Debug|x86
		{C1D4A9F4-71C3-465B-838B-5678DF94BA13}.Release|x86.ActiveCfg = Release|x86
		{C1D4A9F4-71C3-465B-838B-5678DF94BA13}.Release|x86.Build.0 = Release|x86
		{C1D4A9F4-71C3-465B-838B-5678DF94BA13}.Release|Xbox 360.ActiveCfg = Release|x86
		{C1D4A9F4-71C3-465B-838B-5678DF94BA13}.Release|Zune.ActiveCfg = Release|x86
		{3549F43C-741C-42C9-AEB6-34AF3598B0D5}.Debug|x86.ActiveCfg = Debug|x86
		{3549F43C-741C-42C9-AEB6-34AF3598B0D5}.Debug|Xbox 360.ActiveCfg = Debug|x86
		{3549F43C-741C-42C9-AEB6-34AF3598B0D5}.Debug|Zune.ActiveCfg = Debug|x86
		{3549F43C-741C-42C9-AEB6-34AF3598B0D5}.Release|x86.ActiveCfg = Release|x86
		{3549F43C-741C-42C9-AEB6-34AF3598B0D5}.Release|Xbox 360.ActiveCfg = Release|x86
		{3549F43C-741C-42C9-AEB6-34AF3598B0D5}.Release|Zune.ActiveCfg = Release|x86
		{135CD5D2-9136-440C-A18B-FECC0D5CA068}.Debug|x86.ActiveCfg = Debug|x86
		{135CD5D2-9136-440C-A18B-FECC0D5CA068}.Debug|Xbox 360.ActiveCfg = Debug|x86
		{135CD5D2-9136-440C-A18B-FECC0D5CA068}.Debug|Zune.ActiveCfg = Debug|x86
		{135CD5D2-9136-440C-A18B-FECC0D5CA068}.Release|x86.ActiveCfg = Release|x86
		{135CD5D2-9136-440C-A18B-FECC0D5CA068}.Release|Xbox 360.ActiveCfg = Release|x86
		{135CD5D2-9136-440C-A18B-FECC0D5CA068}.Release|Zune.ActiveCfg = Release|x86
		{8A7CEF45-3501-491D-AEDA-0164060F5348}.Debug|x86.ActiveCfg = Debug|x86
		{8A7CEF45-3501-491D-AEDA-0164060F5348}.Debug|x86.Build.0 = Debug|x86
		{8A7CEF45-3501-491D-AEDA-0164060F5348}.Debug|Xbox 360.ActiveCfg = Debug|x86
		{8A7CEF45-3501-491D-AEDA-0164060F5348}.Debug|Zune.ActiveCfg = Debug|x86
		{8A7CEF45-3501-491D-AEDA-0164060F5348}.Release|x86.ActiveCfg = Release|x86
		{8A7CEF45-3501-491D-AEDA-0164060F5348}.Release|x86.Build.0 = Release|x86
		{8A7CEF45-3501-491D-AEDA-0164060F5348}.Release|Xbox 360.ActiveCfg = Release|x86
		{8A7CEF45-3501-491D-AEDA-0164060F5348}.Release|Zune.ActiveCfg = Release|x86
		{916ACCF4-F6BE-4DC8-A182-40E6FA419015}.Debug|x86.ActiveCfg = Debug|x86
		{916ACCF4-F6BE-4DC8-A182-40E6FA419015}.Debug|Xbox 360.ActiveCfg = Debug|Xbox 360
		{916ACCF4-F6BE-4DC8-A182-40E6FA419015}.Debug|Zune.ActiveCfg = Debug|Xbox 360
		{916ACCF4-F6BE-4DC8-A182-40E6FA419015}.Release|x86.ActiveCfg = Release|x86
		{916ACCF4-F6BE-4DC8-A182-40E6FA419015}.Release|Xbox 360.ActiveCfg = Release|Xbox 360
		{916ACCF4-F6BE-4DC8-A182-40E6FA419015}.Release|Zune.ActiveCfg = Release|Xbox 360
	EndGlobalSection
	GlobalSection(SolutionProperties) = preSolution
		HideSolutionNode = FALSE
	EndGlobalSection
	GlobalSection(SubversionScc) = preSolution
		Svn-Managed = True
		Manager = AnkhSVN - Subversion Support for Visual Studio
	EndGlobalSection
EndGlobal
